// !$*UTF8*$!
{
	archiveVersion = 1;
	classes = {
	};
	objectVersion = 51;
	objects = {

/* Begin PBXBuildFile section */
		6C71728E2718BCEE0079348B /* SearchCityViewModel.swift in Sources */ = {isa = PBXBuildFile; fileRef = 6C71728D2718BCEE0079348B /* SearchCityViewModel.swift */; };
		6C7172912718D3EA0079348B /* SearchCityCoordinator.swift in Sources */ = {isa = PBXBuildFile; fileRef = 6C7172902718D3EA0079348B /* SearchCityCoordinator.swift */; };
		6C7172932718D4100079348B /* Coordinatable.swift in Sources */ = {isa = PBXBuildFile; fileRef = 6C7172922718D4100079348B /* Coordinatable.swift */; };
		6C7172952718D60E0079348B /* BaseCoordinator.swift in Sources */ = {isa = PBXBuildFile; fileRef = 6C7172942718D60E0079348B /* BaseCoordinator.swift */; };
		6C7172982718D6DF0079348B /* Storybordable.swift in Sources */ = {isa = PBXBuildFile; fileRef = 6C7172972718D6DF0079348B /* Storybordable.swift */; };
		6C71729A2718DCF10079348B /* AppCoordinator.swift in Sources */ = {isa = PBXBuildFile; fileRef = 6C7172992718DCF10079348B /* AppCoordinator.swift */; };
		6CE6B5042718B33700CFF9F7 /* AppDelegate.swift in Sources */ = {isa = PBXBuildFile; fileRef = 6CE6B5032718B33700CFF9F7 /* AppDelegate.swift */; };
		6CE6B5062718B33700CFF9F7 /* SceneDelegate.swift in Sources */ = {isa = PBXBuildFile; fileRef = 6CE6B5052718B33700CFF9F7 /* SceneDelegate.swift */; };
		6CE6B5082718B33700CFF9F7 /* SearchCityViewController.swift in Sources */ = {isa = PBXBuildFile; fileRef = 6CE6B5072718B33700CFF9F7 /* SearchCityViewController.swift */; };
		6CE6B50B2718B33700CFF9F7 /* Main.storyboard in Resources */ = {isa = PBXBuildFile; fileRef = 6CE6B5092718B33700CFF9F7 /* Main.storyboard */; };
		6CE6B50D2718B33900CFF9F7 /* Assets.xcassets in Resources */ = {isa = PBXBuildFile; fileRef = 6CE6B50C2718B33900CFF9F7 /* Assets.xcassets */; };
		6CE6B5102718B33900CFF9F7 /* LaunchScreen.storyboard in Resources */ = {isa = PBXBuildFile; fileRef = 6CE6B50E2718B33900CFF9F7 /* LaunchScreen.storyboard */; };
		FEDCEC2F9C3FBEAB2624B50D /* Pods_CityAirportSearch.framework in Frameworks */ = {isa = PBXBuildFile; fileRef = B1A89CC50162563102562E03 /* Pods_CityAirportSearch.framework */; };
/* End PBXBuildFile section */

/* Begin PBXFileReference section */
		6C4D50AFCC67C5C2A0C4BC0B /* Pods-CityAirportSearch.debug.xcconfig */ = {isa = PBXFileReference; includeInIndex = 1; lastKnownFileType = text.xcconfig; name = "Pods-CityAirportSearch.debug.xcconfig"; path = "Target Support Files/Pods-CityAirportSearch/Pods-CityAirportSearch.debug.xcconfig"; sourceTree = "<group>"; };
		6C71728D2718BCEE0079348B /* SearchCityViewModel.swift */ = {isa = PBXFileReference; lastKnownFileType = sourcecode.swift; path = SearchCityViewModel.swift; sourceTree = "<group>"; };
		6C7172902718D3EA0079348B /* SearchCityCoordinator.swift */ = {isa = PBXFileReference; lastKnownFileType = sourcecode.swift; path = SearchCityCoordinator.swift; sourceTree = "<group>"; };
		6C7172922718D4100079348B /* Coordinatable.swift */ = {isa = PBXFileReference; lastKnownFileType = sourcecode.swift; path = Coordinatable.swift; sourceTree = "<group>"; };
		6C7172942718D60E0079348B /* BaseCoordinator.swift */ = {isa = PBXFileReference; lastKnownFileType = sourcecode.swift; path = BaseCoordinator.swift; sourceTree = "<group>"; };
		6C7172972718D6DF0079348B /* Storybordable.swift */ = {isa = PBXFileReference; lastKnownFileType = sourcecode.swift; path = Storybordable.swift; sourceTree = "<group>"; };
		6C7172992718DCF10079348B /* AppCoordinator.swift */ = {isa = PBXFileReference; lastKnownFileType = sourcecode.swift; path = AppCoordinator.swift; sourceTree = "<group>"; };
		6CE6B5002718B33700CFF9F7 /* CityAirportSearch.app */ = {isa = PBXFileReference; explicitFileType = wrapper.application; includeInIndex = 0; path = CityAirportSearch.app; sourceTree = BUILT_PRODUCTS_DIR; };
		6CE6B5032718B33700CFF9F7 /* AppDelegate.swift */ = {isa = PBXFileReference; lastKnownFileType = sourcecode.swift; path = AppDelegate.swift; sourceTree = "<group>"; };
		6CE6B5052718B33700CFF9F7 /* SceneDelegate.swift */ = {isa = PBXFileReference; lastKnownFileType = sourcecode.swift; path = SceneDelegate.swift; sourceTree = "<group>"; };
		6CE6B5072718B33700CFF9F7 /* SearchCityViewController.swift */ = {isa = PBXFileReference; lastKnownFileType = sourcecode.swift; path = SearchCityViewController.swift; sourceTree = "<group>"; };
		6CE6B50A2718B33700CFF9F7 /* Base */ = {isa = PBXFileReference; lastKnownFileType = file.storyboard; name = Base; path = Base.lproj/Main.storyboard; sourceTree = "<group>"; };
		6CE6B50C2718B33900CFF9F7 /* Assets.xcassets */ = {isa = PBXFileReference; lastKnownFileType = folder.assetcatalog; path = Assets.xcassets; sourceTree = "<group>"; };
		6CE6B50F2718B33900CFF9F7 /* Base */ = {isa = PBXFileReference; lastKnownFileType = file.storyboard; name = Base; path = Base.lproj/LaunchScreen.storyboard; sourceTree = "<group>"; };
		6CE6B5112718B33900CFF9F7 /* Info.plist */ = {isa = PBXFileReference; lastKnownFileType = text.plist.xml; path = Info.plist; sourceTree = "<group>"; };
		B1A89CC50162563102562E03 /* Pods_CityAirportSearch.framework */ = {isa = PBXFileReference; explicitFileType = wrapper.framework; includeInIndex = 0; path = Pods_CityAirportSearch.framework; sourceTree = BUILT_PRODUCTS_DIR; };
		FA612390E1FFA00713AF7676 /* Pods-CityAirportSearch.release.xcconfig */ = {isa = PBXFileReference; includeInIndex = 1; lastKnownFileType = text.xcconfig; name = "Pods-CityAirportSearch.release.xcconfig"; path = "Target Support Files/Pods-CityAirportSearch/Pods-CityAirportSearch.release.xcconfig"; sourceTree = "<group>"; };
/* End PBXFileReference section */

/* Begin PBXFrameworksBuildPhase section */
		6CE6B4FD2718B33700CFF9F7 /* Frameworks */ = {
			isa = PBXFrameworksBuildPhase;
			buildActionMask = 2147483647;
			files = (
				FEDCEC2F9C3FBEAB2624B50D /* Pods_CityAirportSearch.framework in Frameworks */,
			);
			runOnlyForDeploymentPostprocessing = 0;
		};
/* End PBXFrameworksBuildPhase section */

/* Begin PBXGroup section */
		3A2D1F77FA0E75D87052ED63 /* Pods */ = {
			isa = PBXGroup;
			children = (
				6C4D50AFCC67C5C2A0C4BC0B /* Pods-CityAirportSearch.debug.xcconfig */,
				FA612390E1FFA00713AF7676 /* Pods-CityAirportSearch.release.xcconfig */,
			);
			path = Pods;
			sourceTree = "<group>";
		};
		6C71728F2718D3B10079348B /* Coordinator */ = {
			isa = PBXGroup;
			children = (
				6C7172922718D4100079348B /* Coordinatable.swift */,
				6C7172942718D60E0079348B /* BaseCoordinator.swift */,
				6C7172902718D3EA0079348B /* SearchCityCoordinator.swift */,
				6C7172992718DCF10079348B /* AppCoordinator.swift */,
			);
			path = Coordinator;
			sourceTree = "<group>";
		};
		6C7172962718D6CA0079348B /* Shared */ = {
			isa = PBXGroup;
			children = (
				6C7172972718D6DF0079348B /* Storybordable.swift */,
			);
			path = Shared;
			sourceTree = "<group>";
		};
		6CE6B4F72718B33700CFF9F7 = {
			isa = PBXGroup;
			children = (
				6CE6B5022718B33700CFF9F7 /* CityAirportSearch */,
				6CE6B5012718B33700CFF9F7 /* Products */,
				3A2D1F77FA0E75D87052ED63 /* Pods */,
				71E1002978AC3774A46F101A /* Frameworks */,
			);
			sourceTree = "<group>";
		};
		6CE6B5012718B33700CFF9F7 /* Products */ = {
			isa = PBXGroup;
			children = (
				6CE6B5002718B33700CFF9F7 /* CityAirportSearch.app */,
			);
			name = Products;
			sourceTree = "<group>";
		};
		6CE6B5022718B33700CFF9F7 /* CityAirportSearch */ = {
			isa = PBXGroup;
			children = (
				6C7172962718D6CA0079348B /* Shared */,
				6C71728F2718D3B10079348B /* Coordinator */,
				6CE6B5172718BC3700CFF9F7 /* View */,
				6CE6B5192718BC4100CFF9F7 /* ViewModel */,
				6CE6B5182718BC3C00CFF9F7 /* Model */,
				6CE6B5032718B33700CFF9F7 /* AppDelegate.swift */,
				6CE6B5052718B33700CFF9F7 /* SceneDelegate.swift */,
				6CE6B5092718B33700CFF9F7 /* Main.storyboard */,
				6CE6B50C2718B33900CFF9F7 /* Assets.xcassets */,
				6CE6B50E2718B33900CFF9F7 /* LaunchScreen.storyboard */,
				6CE6B5112718B33900CFF9F7 /* Info.plist */,
			);
			path = CityAirportSearch;
			sourceTree = "<group>";
		};
		6CE6B5172718BC3700CFF9F7 /* View */ = {
			isa = PBXGroup;
			children = (
				6CE6B5072718B33700CFF9F7 /* SearchCityViewController.swift */,
			);
			path = View;
			sourceTree = "<group>";
		};
		6CE6B5182718BC3C00CFF9F7 /* Model */ = {
			isa = PBXGroup;
			children = (
			);
			path = Model;
			sourceTree = "<group>";
		};
		6CE6B5192718BC4100CFF9F7 /* ViewModel */ = {
			isa = PBXGroup;
			children = (
				6C71728D2718BCEE0079348B /* SearchCityViewModel.swift */,
			);
			path = ViewModel;
			sourceTree = "<group>";
		};
		71E1002978AC3774A46F101A /* Frameworks */ = {
			isa = PBXGroup;
			children = (
				B1A89CC50162563102562E03 /* Pods_CityAirportSearch.framework */,
			);
			name = Frameworks;
			sourceTree = "<group>";
		};
/* End PBXGroup section */

/* Begin PBXNativeTarget section */
		6CE6B4FF2718B33700CFF9F7 /* CityAirportSearch */ = {
			isa = PBXNativeTarget;
			buildConfigurationList = 6CE6B5142718B33900CFF9F7 /* Build configuration list for PBXNativeTarget "CityAirportSearch" */;
			buildPhases = (
				7FC124E9D2BE865B0C41C511 /* [CP] Check Pods Manifest.lock */,
				6CE6B4FC2718B33700CFF9F7 /* Sources */,
				6CE6B4FD2718B33700CFF9F7 /* Frameworks */,
				6CE6B4FE2718B33700CFF9F7 /* Resources */,
				F66CF0E8FAE5003C8C177191 /* [CP] Embed Pods Frameworks */,
			);
			buildRules = (
			);
			dependencies = (
			);
			name = CityAirportSearch;
			productName = CityAirportSearch;
			productReference = 6CE6B5002718B33700CFF9F7 /* CityAirportSearch.app */;
			productType = "com.apple.product-type.application";
		};
/* End PBXNativeTarget section */

/* Begin PBXProject section */
		6CE6B4F82718B33700CFF9F7 /* Project object */ = {
			isa = PBXProject;
			attributes = {
				LastSwiftUpdateCheck = 1250;
				LastUpgradeCheck = 1250;
				TargetAttributes = {
					6CE6B4FF2718B33700CFF9F7 = {
						CreatedOnToolsVersion = 12.5.1;
					};
				};
			};
			buildConfigurationList = 6CE6B4FB2718B33700CFF9F7 /* Build configuration list for PBXProject "CityAirportSearch" */;
			compatibilityVersion = "Xcode 9.3";
			developmentRegion = en;
			hasScannedForEncodings = 0;
			knownRegions = (
				en,
				Base,
			);
			mainGroup = 6CE6B4F72718B33700CFF9F7;
			productRefGroup = 6CE6B5012718B33700CFF9F7 /* Products */;
			projectDirPath = "";
			projectRoot = "";
			targets = (
				6CE6B4FF2718B33700CFF9F7 /* CityAirportSearch */,
			);
		};
/* End PBXProject section */

/* Begin PBXResourcesBuildPhase section */
		6CE6B4FE2718B33700CFF9F7 /* Resources */ = {
			isa = PBXResourcesBuildPhase;
			buildActionMask = 2147483647;
			files = (
				6CE6B5102718B33900CFF9F7 /* LaunchScreen.storyboard in Resources */,
				6CE6B50D2718B33900CFF9F7 /* Assets.xcassets in Resources */,
				6CE6B50B2718B33700CFF9F7 /* Main.storyboard in Resources */,
			);
			runOnlyForDeploymentPostprocessing = 0;
		};
/* End PBXResourcesBuildPhase section */

/* Begin PBXShellScriptBuildPhase section */
		7FC124E9D2BE865B0C41C511 /* [CP] Check Pods Manifest.lock */ = {
			isa = PBXShellScriptBuildPhase;
			buildActionMask = 2147483647;
			files = (
			);
			inputFileListPaths = (
			);
			inputPaths = (
				"${PODS_PODFILE_DIR_PATH}/Podfile.lock",
				"${PODS_ROOT}/Manifest.lock",
			);
			name = "[CP] Check Pods Manifest.lock";
			outputFileListPaths = (
			);
			outputPaths = (
				"$(DERIVED_FILE_DIR)/Pods-CityAirportSearch-checkManifestLockResult.txt",
			);
			runOnlyForDeploymentPostprocessing = 0;
			shellPath = /bin/sh;
			shellScript = "diff \"${PODS_PODFILE_DIR_PATH}/Podfile.lock\" \"${PODS_ROOT}/Manifest.lock\" > /dev/null\nif [ $? != 0 ] ; then\n    # print error to STDERR\n    echo \"error: The sandbox is not in sync with the Podfile.lock. Run 'pod install' or update your CocoaPods installation.\" >&2\n    exit 1\nfi\n# This output is used by Xcode 'outputs' to avoid re-running this script phase.\necho \"SUCCESS\" > \"${SCRIPT_OUTPUT_FILE_0}\"\n";
			showEnvVarsInLog = 0;
		};
		F66CF0E8FAE5003C8C177191 /* [CP] Embed Pods Frameworks */ = {
			isa = PBXShellScriptBuildPhase;
			buildActionMask = 2147483647;
			files = (
			);
			inputFileListPaths = (
				"${PODS_ROOT}/Target Support Files/Pods-CityAirportSearch/Pods-CityAirportSearch-frameworks-${CONFIGURATION}-input-files.xcfilelist",
			);
			name = "[CP] Embed Pods Frameworks";
			outputFileListPaths = (
				"${PODS_ROOT}/Target Support Files/Pods-CityAirportSearch/Pods-CityAirportSearch-frameworks-${CONFIGURATION}-output-files.xcfilelist",
			);
			runOnlyForDeploymentPostprocessing = 0;
			shellPath = /bin/sh;
			shellScript = "\"${PODS_ROOT}/Target Support Files/Pods-CityAirportSearch/Pods-CityAirportSearch-frameworks.sh\"\n";
			showEnvVarsInLog = 0;
		};
/* End PBXShellScriptBuildPhase section */

/* Begin PBXSourcesBuildPhase section */
		6CE6B4FC2718B33700CFF9F7 /* Sources */ = {
			isa = PBXSourcesBuildPhase;
			buildActionMask = 2147483647;
			files = (
				6CE6B5082718B33700CFF9F7 /* SearchCityViewController.swift in Sources */,
				6CE6B5042718B33700CFF9F7 /* AppDelegate.swift in Sources */,
				6C7172982718D6DF0079348B /* Storybordable.swift in Sources */,
				6C7172932718D4100079348B /* Coordinatable.swift in Sources */,
				6C7172912718D3EA0079348B /* SearchCityCoordinator.swift in Sources */,
				6C7172952718D60E0079348B /* BaseCoordinator.swift in Sources */,
				6C71729A2718DCF10079348B /* AppCoordinator.swift in Sources */,
				6CE6B5062718B33700CFF9F7 /* SceneDelegate.swift in Sources */,
				6C71728E2718BCEE0079348B /* SearchCityViewModel.swift in Sources */,
			);
			runOnlyForDeploymentPostprocessing = 0;
		};
/* End PBXSourcesBuildPhase section */

/* Begin PBXVariantGroup section */
		6CE6B5092718B33700CFF9F7 /* Main.storyboard */ = {
			isa = PBXVariantGroup;
			children = (
				6CE6B50A2718B33700CFF9F7 /* Base */,
			);
			name = Main.storyboard;
			sourceTree = "<group>";
		};
		6CE6B50E2718B33900CFF9F7 /* LaunchScreen.storyboard */ = {
			isa = PBXVariantGroup;
			children = (
				6CE6B50F2718B33900CFF9F7 /* Base */,
			);
			name = LaunchScreen.storyboard;
			sourceTree = "<group>";
		};
/* End PBXVariantGroup section */

/* Begin XCBuildConfiguration section */
		6CE6B5122718B33900CFF9F7 /* Debug */ = {
			isa = XCBuildConfiguration;
			buildSettings = {
				ALWAYS_SEARCH_USER_PATHS = NO;
				CLANG_ANALYZER_NONNULL = YES;
				CLANG_ANALYZER_NUMBER_OBJECT_CONVERSION = YES_AGGRESSIVE;
				CLANG_CXX_LANGUAGE_STANDARD = "gnu++14";
				CLANG_CXX_LIBRARY = "libc++";
				CLANG_ENABLE_MODULES = YES;
				CLANG_ENABLE_OBJC_ARC = YES;
				CLANG_ENABLE_OBJC_WEAK = YES;
				CLANG_WARN_BLOCK_CAPTURE_AUTORELEASING = YES;
				CLANG_WARN_BOOL_CONVERSION = YES;
				CLANG_WARN_COMMA = YES;
				CLANG_WARN_CONSTANT_CONVERSION = YES;
				CLANG_WARN_DEPRECATED_OBJC_IMPLEMENTATIONS = YES;
				CLANG_WARN_DIRECT_OBJC_ISA_USAGE = YES_ERROR;
				CLANG_WARN_DOCUMENTATION_COMMENTS = YES;
				CLANG_WARN_EMPTY_BODY = YES;
				CLANG_WARN_ENUM_CONVERSION = YES;
				CLANG_WARN_INFINITE_RECURSION = YES;
				CLANG_WARN_INT_CONVERSION = YES;
				CLANG_WARN_NON_LITERAL_NULL_CONVERSION = YES;
				CLANG_WARN_OBJC_IMPLICIT_RETAIN_SELF = YES;
				CLANG_WARN_OBJC_LITERAL_CONVERSION = YES;
				CLANG_WARN_OBJC_ROOT_CLASS = YES_ERROR;
				CLANG_WARN_QUOTED_INCLUDE_IN_FRAMEWORK_HEADER = YES;
				CLANG_WARN_RANGE_LOOP_ANALYSIS = YES;
				CLANG_WARN_STRICT_PROTOTYPES = YES;
				CLANG_WARN_SUSPICIOUS_MOVE = YES;
				CLANG_WARN_UNGUARDED_AVAILABILITY = YES_AGGRESSIVE;
				CLANG_WARN_UNREACHABLE_CODE = YES;
				CLANG_WARN__DUPLICATE_METHOD_MATCH = YES;
				COPY_PHASE_STRIP = NO;
				DEBUG_INFORMATION_FORMAT = dwarf;
				ENABLE_STRICT_OBJC_MSGSEND = YES;
				ENABLE_TESTABILITY = YES;
				GCC_C_LANGUAGE_STANDARD = gnu11;
				GCC_DYNAMIC_NO_PIC = NO;
				GCC_NO_COMMON_BLOCKS = YES;
				GCC_OPTIMIZATION_LEVEL = 0;
				GCC_PREPROCESSOR_DEFINITIONS = (
					"DEBUG=1",
					"$(inherited)",
				);
				GCC_WARN_64_TO_32_BIT_CONVERSION = YES;
				GCC_WARN_ABOUT_RETURN_TYPE = YES_ERROR;
				GCC_WARN_UNDECLARED_SELECTOR = YES;
				GCC_WARN_UNINITIALIZED_AUTOS = YES_AGGRESSIVE;
				GCC_WARN_UNUSED_FUNCTION = YES;
				GCC_WARN_UNUSED_VARIABLE = YES;
				IPHONEOS_DEPLOYMENT_TARGET = 14.5;
				MTL_ENABLE_DEBUG_INFO = INCLUDE_SOURCE;
				MTL_FAST_MATH = YES;
				ONLY_ACTIVE_ARCH = YES;
				SDKROOT = iphoneos;
				SWIFT_ACTIVE_COMPILATION_CONDITIONS = DEBUG;
				SWIFT_OPTIMIZATION_LEVEL = "-Onone";
			};
			name = Debug;
		};
		6CE6B5132718B33900CFF9F7 /* Release */ = {
			isa = XCBuildConfiguration;
			buildSettings = {
				ALWAYS_SEARCH_USER_PATHS = NO;
				CLANG_ANALYZER_NONNULL = YES;
				CLANG_ANALYZER_NUMBER_OBJECT_CONVERSION = YES_AGGRESSIVE;
				CLANG_CXX_LANGUAGE_STANDARD = "gnu++14";
				CLANG_CXX_LIBRARY = "libc++";
				CLANG_ENABLE_MODULES = YES;
				CLANG_ENABLE_OBJC_ARC = YES;
				CLANG_ENABLE_OBJC_WEAK = YES;
				CLANG_WARN_BLOCK_CAPTURE_AUTORELEASING = YES;
				CLANG_WARN_BOOL_CONVERSION = YES;
				CLANG_WARN_COMMA = YES;
				CLANG_WARN_CONSTANT_CONVERSION = YES;
				CLANG_WARN_DEPRECATED_OBJC_IMPLEMENTATIONS = YES;
				CLANG_WARN_DIRECT_OBJC_ISA_USAGE = YES_ERROR;
				CLANG_WARN_DOCUMENTATION_COMMENTS = YES;
				CLANG_WARN_EMPTY_BODY = YES;
				CLANG_WARN_ENUM_CONVERSION = YES;
				CLANG_WARN_INFINITE_RECURSION = YES;
				CLANG_WARN_INT_CONVERSION = YES;
				CLANG_WARN_NON_LITERAL_NULL_CONVERSION = YES;
				CLANG_WARN_OBJC_IMPLICIT_RETAIN_SELF = YES;
				CLANG_WARN_OBJC_LITERAL_CONVERSION = YES;
				CLANG_WARN_OBJC_ROOT_CLASS = YES_ERROR;
				CLANG_WARN_QUOTED_INCLUDE_IN_FRAMEWORK_HEADER = YES;
				CLANG_WARN_RANGE_LOOP_ANALYSIS = YES;
				CLANG_WARN_STRICT_PROTOTYPES = YES;
				CLANG_WARN_SUSPICIOUS_MOVE = YES;
				CLANG_WARN_UNGUARDED_AVAILABILITY = YES_AGGRESSIVE;
				CLANG_WARN_UNREACHABLE_CODE = YES;
				CLANG_WARN__DUPLICATE_METHOD_MATCH = YES;
				COPY_PHASE_STRIP = NO;
				DEBUG_INFORMATION_FORMAT = "dwarf-with-dsym";
				ENABLE_NS_ASSERTIONS = NO;
				ENABLE_STRICT_OBJC_MSGSEND = YES;
				GCC_C_LANGUAGE_STANDARD = gnu11;
				GCC_NO_COMMON_BLOCKS = YES;
				GCC_WARN_64_TO_32_BIT_CONVERSION = YES;
				GCC_WARN_ABOUT_RETURN_TYPE = YES_ERROR;
				GCC_WARN_UNDECLARED_SELECTOR = YES;
				GCC_WARN_UNINITIALIZED_AUTOS = YES_AGGRESSIVE;
				GCC_WARN_UNUSED_FUNCTION = YES;
				GCC_WARN_UNUSED_VARIABLE = YES;
				IPHONEOS_DEPLOYMENT_TARGET = 14.5;
				MTL_ENABLE_DEBUG_INFO = NO;
				MTL_FAST_MATH = YES;
				SDKROOT = iphoneos;
				SWIFT_COMPILATION_MODE = wholemodule;
				SWIFT_OPTIMIZATION_LEVEL = "-O";
				VALIDATE_PRODUCT = YES;
			};
			name = Release;
		};
		6CE6B5152718B33900CFF9F7 /* Debug */ = {
			isa = XCBuildConfiguration;
			baseConfigurationReference = 6C4D50AFCC67C5C2A0C4BC0B /* Pods-CityAirportSearch.debug.xcconfig */;
			buildSettings = {
				ASSETCATALOG_COMPILER_APPICON_NAME = AppIcon;
				ASSETCATALOG_COMPILER_GLOBAL_ACCENT_COLOR_NAME = AccentColor;
				CODE_SIGN_STYLE = Automatic;
				DEVELOPMENT_TEAM = AW7PB72PXH;
				INFOPLIST_FILE = CityAirportSearch/Info.plist;
				IPHONEOS_DEPLOYMENT_TARGET = 13.0;
				LD_RUNPATH_SEARCH_PATHS = (
					"$(inherited)",
					"@executable_path/Frameworks",
				);
				PRODUCT_BUNDLE_IDENTIFIER = igor.dikan.CityAirportSearch;
				PRODUCT_NAME = "$(TARGET_NAME)";
				SWIFT_VERSION = 5.0;
				TARGETED_DEVICE_FAMILY = "1,2";
			};
			name = Debug;
		};
		6CE6B5162718B33900CFF9F7 /* Release */ = {
			isa = XCBuildConfiguration;
			baseConfigurationReference = FA612390E1FFA00713AF7676 /* Pods-CityAirportSearch.release.xcconfig */;
			buildSettings = {
				ASSETCATALOG_COMPILER_APPICON_NAME = AppIcon;
				ASSETCATALOG_COMPILER_GLOBAL_ACCENT_COLOR_NAME = AccentColor;
				CODE_SIGN_STYLE = Automatic;
				DEVELOPMENT_TEAM = AW7PB72PXH;
				INFOPLIST_FILE = CityAirportSearch/Info.plist;
				IPHONEOS_DEPLOYMENT_TARGET = 13.0;
				LD_RUNPATH_SEARCH_PATHS = (
					"$(inherited)",
					"@executable_path/Frameworks",
				);
				PRODUCT_BUNDLE_IDENTIFIER = igor.dikan.CityAirportSearch;
				PRODUCT_NAME = "$(TARGET_NAME)";
				SWIFT_VERSION = 5.0;
				TARGETED_DEVICE_FAMILY = "1,2";
			};
			name = Release;
		};
/* End XCBuildConfiguration section */

/* Begin XCConfigurationList section */
		6CE6B4FB2718B33700CFF9F7 /* Build configuration list for PBXProject "CityAirportSearch" */ = {
			isa = XCConfigurationList;
			buildConfigurations = (
				6CE6B5122718B33900CFF9F7 /* Debug */,
				6CE6B5132718B33900CFF9F7 /* Release */,
			);
			defaultConfigurationIsVisible = 0;
			defaultConfigurationName = Release;
		};
		6CE6B5142718B33900CFF9F7 /* Build configuration list for PBXNativeTarget "CityAirportSearch" */ = {
			isa = XCConfigurationList;
			buildConfigurations = (
				6CE6B5152718B33900CFF9F7 /* Debug */,
				6CE6B5162718B33900CFF9F7 /* Release */,
			);
			defaultConfigurationIsVisible = 0;
			defaultConfigurationName = Release;
		};
/* End XCConfigurationList section */
	};
	rootObject = 6CE6B4F82718B33700CFF9F7 /* Project object */;
}
